
Microsoft Visual Studio Solution File, Format Version 12.00
# Visual Studio 15
VisualStudioVersion = 15.0.28307.572
MinimumVisualStudioVersion = 10.0.40219.1
Project("{FAE04EC0-301F-11D3-BF4B-00C04F79EFBC}") = "Talents", "Talents\Talents.csproj", "{52C37E85-C301-46C4-8B53-0D2AF09F2D30}"
EndProject
Global
	GlobalSection(SolutionConfigurationPlatforms) = preSolution
		Debug|Any CPU = Debug|Any CPU
		Release|Any CPU = Release|Any CPU
	EndGlobalSection
	GlobalSection(ProjectConfigurationPlatforms) = postSolution
		{52C37E85-C301-46C4-8B53-0D2AF09F2D30}.Debug|Any CPU.ActiveCfg = Debug|Any CPU
		{52C37E85-C301-46C4-8B53-0D2AF09F2D30}.Debug|Any CPU.Build.0 = Debug|Any CPU
		{52C37E85-C301-46C4-8B53-0D2AF09F2D30}.Release|Any CPU.ActiveCfg = Release|Any CPU
		{52C37E85-C301-46C4-8B53-0D2AF09F2D30}.Release|Any CPU.Build.0 = Release|Any CPU
	EndGlobalSection
	GlobalSection(SolutionProperties) = preSolution
		HideSolutionNode = FALSE
	EndGlobalSection
	GlobalSection(ExtensibilityGlobals) = postSolution
		SolutionGuid = {6D849FD1-360A-4E18-98A3-C1D22F3D80DE}
	EndGlobalSection
EndGlobal
